Microsoft Visual Studio Solution File, Format Version 11.00
# Visual Studio 2008

Project("{0D34855D-8012-11D5-9980-364D4FDBB7CC}") = "InMemorian", "Assembly-CSharp.csproj", "{D2E9EB92-6E68-D51A-B93B-08FFC7151597}"
EndProject
Project("{0D34855D-8012-11D5-9980-364D4FDBB7CC}") = "InMemorian", "Assembly-CSharp-Editor.csproj", "{29040860-FA26-4B2B-ED1C-6849D52942E1}"
EndProject
Global
	GlobalSection(SolutionConfigurationPlatforms) = preSolution
		Debug|Any CPU = Debug|Any CPU
		Release|Any CPU = Release|Any CPU
	EndGlobalSection
	GlobalSection(ProjectConfigurationPlatforms) = postSolution
		{D2E9EB92-6E68-D51A-B93B-08FFC7151597}.Debug|Any CPU.ActiveCfg = Debug|Any CPU
		{D2E9EB92-6E68-D51A-B93B-08FFC7151597}.Debug|Any CPU.Build.0 = Debug|Any CPU
		{D2E9EB92-6E68-D51A-B93B-08FFC7151597}.Release|Any CPU.ActiveCfg = Release|Any CPU
		{D2E9EB92-6E68-D51A-B93B-08FFC7151597}.Release|Any CPU.Build.0 = Release|Any CPU
		{29040860-FA26-4B2B-ED1C-6849D52942E1}.Debug|Any CPU.ActiveCfg = Debug|Any CPU
		{29040860-FA26-4B2B-ED1C-6849D52942E1}.Debug|Any CPU.Build.0 = Debug|Any CPU
		{29040860-FA26-4B2B-ED1C-6849D52942E1}.Release|Any CPU.ActiveCfg = Release|Any CPU
		{29040860-FA26-4B2B-ED1C-6849D52942E1}.Release|Any CPU.Build.0 = Release|Any CPU
	EndGlobalSection
	GlobalSection(SolutionProperties) = preSolution
		HideSolutionNode = FALSE
	EndGlobalSection
	GlobalSection(MonoDevelopProperties) = preSolution
		StartupItem = Assembly-CSharp.csproj
	EndGlobalSection
EndGlobal
